// !$*UTF8*$!
{
	archiveVersion = 1;
	classes = {
	};
	objectVersion = 50;
	objects = {

/* Begin PBXBuildFile section */
		646BD86C250D3A170026B93F /* AppDelegate.swift in Sources */ = {isa = PBXBuildFile; fileRef = 646BD86B250D3A170026B93F /* AppDelegate.swift */; };
		646BD86E250D3A170026B93F /* SceneDelegate.swift in Sources */ = {isa = PBXBuildFile; fileRef = 646BD86D250D3A170026B93F /* SceneDelegate.swift */; };
		646BD870250D3A170026B93F /* ViewController.swift in Sources */ = {isa = PBXBuildFile; fileRef = 646BD86F250D3A170026B93F /* ViewController.swift */; };
		646BD873250D3A170026B93F /* Main.storyboard in Resources */ = {isa = PBXBuildFile; fileRef = 646BD871250D3A170026B93F /* Main.storyboard */; };
		646BD875250D3A180026B93F /* Assets.xcassets in Resources */ = {isa = PBXBuildFile; fileRef = 646BD874250D3A180026B93F /* Assets.xcassets */; };
		646BD878250D3A180026B93F /* LaunchScreen.storyboard in Resources */ = {isa = PBXBuildFile; fileRef = 646BD876250D3A180026B93F /* LaunchScreen.storyboard */; };
		64CC9A3025167F3E005D3AED /* DifferentEnums.swift in Sources */ = {isa = PBXBuildFile; fileRef = 64CC9A2F25167F3E005D3AED /* DifferentEnums.swift */; };
		64CC9A362517BE5D005D3AED /* .gitignore in Resources */ = {isa = PBXBuildFile; fileRef = 64CC9A352517BE5D005D3AED /* .gitignore */; };
/* End PBXBuildFile section */

/* Begin PBXFileReference section */
		646BD868250D3A170026B93F /* CalculatorV2.app */ = {isa = PBXFileReference; explicitFileType = wrapper.application; includeInIndex = 0; path = CalculatorV2.app; sourceTree = BUILT_PRODUCTS_DIR; };
		646BD86B250D3A170026B93F /* AppDelegate.swift */ = {isa = PBXFileReference; lastKnownFileType = sourcecode.swift; path = AppDelegate.swift; sourceTree = "<group>"; };
		646BD86D250D3A170026B93F /* SceneDelegate.swift */ = {isa = PBXFileReference; lastKnownFileType = sourcecode.swift; path = SceneDelegate.swift; sourceTree = "<group>"; };
		646BD86F250D3A170026B93F /* ViewController.swift */ = {isa = PBXFileReference; lastKnownFileType = sourcecode.swift; path = ViewController.swift; sourceTree = "<group>"; };
		646BD872250D3A170026B93F /* Base */ = {isa = PBXFileReference; lastKnownFileType = file.storyboard; name = Base; path = Base.lproj/Main.storyboard; sourceTree = "<group>"; };
		646BD874250D3A180026B93F /* Assets.xcassets */ = {isa = PBXFileReference; lastKnownFileType = folder.assetcatalog; path = Assets.xcassets; sourceTree = "<group>"; };
		646BD877250D3A180026B93F /* Base */ = {isa = PBXFileReference; lastKnownFileType = file.storyboard; name = Base; path = Base.lproj/LaunchScreen.storyboard; sourceTree = "<group>"; };
		646BD879250D3A180026B93F /* Info.plist */ = {isa = PBXFileReference; lastKnownFileType = text.plist.xml; path = Info.plist; sourceTree = "<group>"; };
		64CC9A2F25167F3E005D3AED /* DifferentEnums.swift */ = {isa = PBXFileReference; lastKnownFileType = sourcecode.swift; path = DifferentEnums.swift; sourceTree = "<group>"; };
		64CC9A352517BE5D005D3AED /* .gitignore */ = {isa = PBXFileReference; lastKnownFileType = text; path = .gitignore; sourceTree = "<group>"; };
/* End PBXFileReference section */

/* Begin PBXFrameworksBuildPhase section */
		646BD865250D3A170026B93F /* Frameworks */ = {
			isa = PBXFrameworksBuildPhase;
			buildActionMask = 2147483647;
			files = (
			);
			runOnlyForDeploymentPostprocessing = 0;
		};
/* End PBXFrameworksBuildPhase section */

/* Begin PBXGroup section */
		646BD85F250D3A170026B93F = {
			isa = PBXGroup;
			children = (
				64CC9A352517BE5D005D3AED /* .gitignore */,
				646BD86A250D3A170026B93F /* CalculatorV2 */,
				646BD869250D3A170026B93F /* Products */,
			);
			sourceTree = "<group>";
		};
		646BD869250D3A170026B93F /* Products */ = {
			isa = PBXGroup;
			children = (
				646BD868250D3A170026B93F /* CalculatorV2.app */,
			);
			name = Products;
			sourceTree = "<group>";
		};
		646BD86A250D3A170026B93F /* CalculatorV2 */ = {
			isa = PBXGroup;
			children = (
				646BD86F250D3A170026B93F /* ViewController.swift */,
				646BD871250D3A170026B93F /* Main.storyboard */,
				646BD879250D3A180026B93F /* Info.plist */,
				64CC9A2F25167F3E005D3AED /* DifferentEnums.swift */,
				64CC9A3225167F5C005D3AED /* SupportingFiles */,
			);
			path = CalculatorV2;
			sourceTree = "<group>";
		};
		64CC9A3225167F5C005D3AED /* SupportingFiles */ = {
			isa = PBXGroup;
			children = (
				646BD86D250D3A170026B93F /* SceneDelegate.swift */,
				646BD876250D3A180026B93F /* LaunchScreen.storyboard */,
				646BD874250D3A180026B93F /* Assets.xcassets */,
				646BD86B250D3A170026B93F /* AppDelegate.swift */,
			);
			path = SupportingFiles;
			sourceTree = "<group>";
		};
/* End PBXGroup section */

/* Begin PBXNativeTarget section */
		646BD867250D3A170026B93F /* CalculatorV2 */ = {
			isa = PBXNativeTarget;
			buildConfigurationList = 646BD87C250D3A180026B93F /* Build configuration list for PBXNativeTarget "CalculatorV2" */;
			buildPhases = (
				646BD864250D3A170026B93F /* Sources */,
				646BD865250D3A170026B93F /* Frameworks */,
				646BD866250D3A170026B93F /* Resources */,
			);
			buildRules = (
			);
			dependencies = (
			);
			name = CalculatorV2;
			productName = CalculatorV2;
			productReference = 646BD868250D3A170026B93F /* CalculatorV2.app */;
			productType = "com.apple.product-type.application";
		};
/* End PBXNativeTarget section */

/* Begin PBXProject section */
		646BD860250D3A170026B93F /* Project object */ = {
			isa = PBXProject;
			attributes = {
				LastSwiftUpdateCheck = 1170;
				LastUpgradeCheck = 1170;
				ORGANIZATIONNAME = "Viachslav Markov";
				TargetAttributes = {
					646BD867250D3A170026B93F = {
						CreatedOnToolsVersion = 11.7;
					};
				};
			};
			buildConfigurationList = 646BD863250D3A170026B93F /* Build configuration list for PBXProject "CalculatorV2" */;
			compatibilityVersion = "Xcode 9.3";
			developmentRegion = en;
			hasScannedForEncodings = 0;
			knownRegions = (
				en,
				Base,
			);
			mainGroup = 646BD85F250D3A170026B93F;
			productRefGroup = 646BD869250D3A170026B93F /* Products */;
			projectDirPath = "";
			projectRoot = "";
			targets = (
				646BD867250D3A170026B93F /* CalculatorV2 */,
			);
		};
/* End PBXProject section */

/* Begin PBXResourcesBuildPhase section */
		646BD866250D3A170026B93F /* Resources */ = {
			isa = PBXResourcesBuildPhase;
			buildActionMask = 2147483647;
			files = (
				64CC9A362517BE5D005D3AED /* .gitignore in Resources */,
				646BD878250D3A180026B93F /* LaunchScreen.storyboard in Resources */,
				646BD875250D3A180026B93F /* Assets.xcassets in Resources */,
				646BD873250D3A170026B93F /* Main.storyboard in Resources */,
			);
			runOnlyForDeploymentPostprocessing = 0;
		};
/* End PBXResourcesBuildPhase section */

/* Begin PBXSourcesBuildPhase section */
		646BD864250D3A170026B93F /* Sources */ = {
			isa = PBXSourcesBuildPhase;
			buildActionMask = 2147483647;
			files = (
				646BD870250D3A170026B93F /* ViewController.swift in Sources */,
				646BD86C250D3A170026B93F /* AppDelegate.swift in Sources */,
				64CC9A3025167F3E005D3AED /* DifferentEnums.swift in Sources */,
				646BD86E250D3A170026B93F /* SceneDelegate.swift in Sources */,
			);
			runOnlyForDeploymentPostprocessing = 0;
		};
/* End PBXSourcesBuildPhase section */

/* Begin PBXVariantGroup section */
		646BD871250D3A170026B93F /* Main.storyboard */ = {
			isa = PBXVariantGroup;
			children = (
				646BD872250D3A170026B93F /* Base */,
			);
			name = Main.storyboard;
			sourceTree = "<group>";
		};
		646BD876250D3A180026B93F /* LaunchScreen.storyboard */ = {
			isa = PBXVariantGroup;
			children = (
				646BD877250D3A180026B93F /* Base */,
			);
			name = LaunchScreen.storyboard;
			sourceTree = "<group>";
		};
/* End PBXVariantGroup section */

/* Begin XCBuildConfiguration section */
		646BD87A250D3A180026B93F /* Debug */ = {
			isa = XCBuildConfiguration;
			buildSettings = {
				ALWAYS_SEARCH_USER_PATHS = NO;
				CLANG_ANALYZER_NONNULL = YES;
				CLANG_ANALYZER_NUMBER_OBJECT_CONVERSION = YES_AGGRESSIVE;
				CLANG_CXX_LANGUAGE_STANDARD = "gnu++14";
				CLANG_CXX_LIBRARY = "libc++";
				CLANG_ENABLE_MODULES = YES;
				CLANG_ENABLE_OBJC_ARC = YES;
				CLANG_ENABLE_OBJC_WEAK = YES;
				CLANG_WARN_BLOCK_CAPTURE_AUTORELEASING = YES;
				CLANG_WARN_BOOL_CONVERSION = YES;
				CLANG_WARN_COMMA = YES;
				CLANG_WARN_CONSTANT_CONVERSION = YES;
				CLANG_WARN_DEPRECATED_OBJC_IMPLEMENTATIONS = YES;
				CLANG_WARN_DIRECT_OBJC_ISA_USAGE = YES_ERROR;
				CLANG_WARN_DOCUMENTATION_COMMENTS = YES;
				CLANG_WARN_EMPTY_BODY = YES;
				CLANG_WARN_ENUM_CONVERSION = YES;
				CLANG_WARN_INFINITE_RECURSION = YES;
				CLANG_WARN_INT_CONVERSION = YES;
				CLANG_WARN_NON_LITERAL_NULL_CONVERSION = YES;
				CLANG_WARN_OBJC_IMPLICIT_RETAIN_SELF = YES;
				CLANG_WARN_OBJC_LITERAL_CONVERSION = YES;
				CLANG_WARN_OBJC_ROOT_CLASS = YES_ERROR;
				CLANG_WARN_RANGE_LOOP_ANALYSIS = YES;
				CLANG_WARN_STRICT_PROTOTYPES = YES;
				CLANG_WARN_SUSPICIOUS_MOVE = YES;
				CLANG_WARN_UNGUARDED_AVAILABILITY = YES_AGGRESSIVE;
				CLANG_WARN_UNREACHABLE_CODE = YES;
				CLANG_WARN__DUPLICATE_METHOD_MATCH = YES;
				COPY_PHASE_STRIP = NO;
				DEBUG_INFORMATION_FORMAT = dwarf;
				ENABLE_STRICT_OBJC_MSGSEND = YES;
				ENABLE_TESTABILITY = YES;
				GCC_C_LANGUAGE_STANDARD = gnu11;
				GCC_DYNAMIC_NO_PIC = NO;
				GCC_NO_COMMON_BLOCKS = YES;
				GCC_OPTIMIZATION_LEVEL = 0;
				GCC_PREPROCESSOR_DEFINITIONS = (
					"DEBUG=1",
					"$(inherited)",
				);
				GCC_WARN_64_TO_32_BIT_CONVERSION = YES;
				GCC_WARN_ABOUT_RETURN_TYPE = YES_ERROR;
				GCC_WARN_UNDECLARED_SELECTOR = YES;
				GCC_WARN_UNINITIALIZED_AUTOS = YES_AGGRESSIVE;
				GCC_WARN_UNUSED_FUNCTION = YES;
				GCC_WARN_UNUSED_VARIABLE = YES;
				IPHONEOS_DEPLOYMENT_TARGET = 14.0;
				MTL_ENABLE_DEBUG_INFO = INCLUDE_SOURCE;
				MTL_FAST_MATH = YES;
				ONLY_ACTIVE_ARCH = YES;
				SDKROOT = iphoneos;
				SWIFT_ACTIVE_COMPILATION_CONDITIONS = DEBUG;
				SWIFT_OPTIMIZATION_LEVEL = "-Onone";
			};
			name = Debug;
		};
		646BD87B250D3A180026B93F /* Release */ = {
			isa = XCBuildConfiguration;
			buildSettings = {
				ALWAYS_SEARCH_USER_PATHS = NO;
				CLANG_ANALYZER_NONNULL = YES;
				CLANG_ANALYZER_NUMBER_OBJECT_CONVERSION = YES_AGGRESSIVE;
				CLANG_CXX_LANGUAGE_STANDARD = "gnu++14";
				CLANG_CXX_LIBRARY = "libc++";
				CLANG_ENABLE_MODULES = YES;
				CLANG_ENABLE_OBJC_ARC = YES;
				CLANG_ENABLE_OBJC_WEAK = YES;
				CLANG_WARN_BLOCK_CAPTURE_AUTORELEASING = YES;
				CLANG_WARN_BOOL_CONVERSION = YES;
				CLANG_WARN_COMMA = YES;
				CLANG_WARN_CONSTANT_CONVERSION = YES;
				CLANG_WARN_DEPRECATED_OBJC_IMPLEMENTATIONS = YES;
				CLANG_WARN_DIRECT_OBJC_ISA_USAGE = YES_ERROR;
				CLANG_WARN_DOCUMENTATION_COMMENTS = YES;
				CLANG_WARN_EMPTY_BODY = YES;
				CLANG_WARN_ENUM_CONVERSION = YES;
				CLANG_WARN_INFINITE_RECURSION = YES;
				CLANG_WARN_INT_CONVERSION = YES;
				CLANG_WARN_NON_LITERAL_NULL_CONVERSION = YES;
				CLANG_WARN_OBJC_IMPLICIT_RETAIN_SELF = YES;
				CLANG_WARN_OBJC_LITERAL_CONVERSION = YES;
				CLANG_WARN_OBJC_ROOT_CLASS = YES_ERROR;
				CLANG_WARN_RANGE_LOOP_ANALYSIS = YES;
				CLANG_WARN_STRICT_PROTOTYPES = YES;
				CLANG_WARN_SUSPICIOUS_MOVE = YES;
				CLANG_WARN_UNGUARDED_AVAILABILITY = YES_AGGRESSIVE;
				CLANG_WARN_UNREACHABLE_CODE = YES;
				CLANG_WARN__DUPLICATE_METHOD_MATCH = YES;
				COPY_PHASE_STRIP = NO;
				DEBUG_INFORMATION_FORMAT = "dwarf-with-dsym";
				ENABLE_NS_ASSERTIONS = NO;
				ENABLE_STRICT_OBJC_MSGSEND = YES;
				GCC_C_LANGUAGE_STANDARD = gnu11;
				GCC_NO_COMMON_BLOCKS = YES;
				GCC_WARN_64_TO_32_BIT_CONVERSION = YES;
				GCC_WARN_ABOUT_RETURN_TYPE = YES_ERROR;
				GCC_WARN_UNDECLARED_SELECTOR = YES;
				GCC_WARN_UNINITIALIZED_AUTOS = YES_AGGRESSIVE;
				GCC_WARN_UNUSED_FUNCTION = YES;
				GCC_WARN_UNUSED_VARIABLE = YES;
				IPHONEOS_DEPLOYMENT_TARGET = 14.0;
				MTL_ENABLE_DEBUG_INFO = NO;
				MTL_FAST_MATH = YES;
				SDKROOT = iphoneos;
				SWIFT_COMPILATION_MODE = wholemodule;
				SWIFT_OPTIMIZATION_LEVEL = "-O";
				VALIDATE_PRODUCT = YES;
			};
			name = Release;
		};
		646BD87D250D3A180026B93F /* Debug */ = {
			isa = XCBuildConfiguration;
			buildSettings = {
				ASSETCATALOG_COMPILER_APPICON_NAME = AppIcon;
				CODE_SIGN_STYLE = Automatic;
				INFOPLIST_FILE = CalculatorV2/Info.plist;
				IPHONEOS_DEPLOYMENT_TARGET = 14.0;
				LD_RUNPATH_SEARCH_PATHS = (
					"$(inherited)",
					"@executable_path/Frameworks",
				);
				PRODUCT_BUNDLE_IDENTIFIER = MarkovViacheslav.CalculatorV2;
				PRODUCT_NAME = "$(TARGET_NAME)";
				SWIFT_VERSION = 5.0;
				TARGETED_DEVICE_FAMILY = 1;
			};
			name = Debug;
		};
		646BD87E250D3A180026B93F /* Release */ = {
			isa = XCBuildConfiguration;
			buildSettings = {
				ASSETCATALOG_COMPILER_APPICON_NAME = AppIcon;
				CODE_SIGN_STYLE = Automatic;
				INFOPLIST_FILE = CalculatorV2/Info.plist;
				IPHONEOS_DEPLOYMENT_TARGET = 14.0;
				LD_RUNPATH_SEARCH_PATHS = (
					"$(inherited)",
					"@executable_path/Frameworks",
				);
				PRODUCT_BUNDLE_IDENTIFIER = MarkovViacheslav.CalculatorV2;
				PRODUCT_NAME = "$(TARGET_NAME)";
				SWIFT_VERSION = 5.0;
				TARGETED_DEVICE_FAMILY = 1;
			};
			name = Release;
		};
/* End XCBuildConfiguration section */

/* Begin XCConfigurationList section */
		646BD863250D3A170026B93F /* Build configuration list for PBXProject "CalculatorV2" */ = {
			isa = XCConfigurationList;
			buildConfigurations = (
				646BD87A250D3A180026B93F /* Debug */,
				646BD87B250D3A180026B93F /* Release */,
			);
			defaultConfigurationIsVisible = 0;
			defaultConfigurationName = Release;
		};
		646BD87C250D3A180026B93F /* Build configuration list for PBXNativeTarget "CalculatorV2" */ = {
			isa = XCConfigurationList;
			buildConfigurations = (
				646BD87D250D3A180026B93F /* Debug */,
				646BD87E250D3A180026B93F /* Release */,
			);
			defaultConfigurationIsVisible = 0;
			defaultConfigurationName = Release;
		};
/* End XCConfigurationList section */
	};
	rootObject = 646BD860250D3A170026B93F /* Project object */;
}
